// !$*UTF8*$!
{
	archiveVersion = 1;
	classes = {
	};
	objectVersion = 55;
	objects = {

/* Begin PBXBuildFile section */
		BC198ABF27A0188B00465FFD /* AppDelegate.swift in Sources */ = {isa = PBXBuildFile; fileRef = BC198ABE27A0188B00465FFD /* AppDelegate.swift */; };
		BC198AC127A0188B00465FFD /* SceneDelegate.swift in Sources */ = {isa = PBXBuildFile; fileRef = BC198AC027A0188B00465FFD /* SceneDelegate.swift */; };
		BC198AC327A0188B00465FFD /* UsersVC.swift in Sources */ = {isa = PBXBuildFile; fileRef = BC198AC227A0188B00465FFD /* UsersVC.swift */; };
		BC198AC627A0188B00465FFD /* Main.storyboard in Resources */ = {isa = PBXBuildFile; fileRef = BC198AC427A0188B00465FFD /* Main.storyboard */; };
		BC198AC827A0189100465FFD /* Assets.xcassets in Resources */ = {isa = PBXBuildFile; fileRef = BC198AC727A0189100465FFD /* Assets.xcassets */; };
		BC198ACB27A0189100465FFD /* LaunchScreen.storyboard in Resources */ = {isa = PBXBuildFile; fileRef = BC198AC927A0189100465FFD /* LaunchScreen.storyboard */; };
		BC198AD627A0189100465FFD /* MVPTests.swift in Sources */ = {isa = PBXBuildFile; fileRef = BC198AD527A0189100465FFD /* MVPTests.swift */; };
		BC198AE027A0189100465FFD /* MVPUITests.swift in Sources */ = {isa = PBXBuildFile; fileRef = BC198ADF27A0189100465FFD /* MVPUITests.swift */; };
		BC198AE227A0189100465FFD /* MVPUITestsLaunchTests.swift in Sources */ = {isa = PBXBuildFile; fileRef = BC198AE127A0189100465FFD /* MVPUITestsLaunchTests.swift */; };
		BC198AF227A0226200465FFD /* Presenter.swift in Sources */ = {isa = PBXBuildFile; fileRef = BC198AF127A0226200465FFD /* Presenter.swift */; };
		BC198AF427A0231C00465FFD /* Users.swift in Sources */ = {isa = PBXBuildFile; fileRef = BC198AF327A0231C00465FFD /* Users.swift */; };
/* End PBXBuildFile section */

/* Begin PBXContainerItemProxy section */
		BC198AD227A0189100465FFD /* PBXContainerItemProxy */ = {
			isa = PBXContainerItemProxy;
			containerPortal = BC198AB327A0188A00465FFD /* Project object */;
			proxyType = 1;
			remoteGlobalIDString = BC198ABA27A0188B00465FFD;
			remoteInfo = MVP;
		};
		BC198ADC27A0189100465FFD /* PBXContainerItemProxy */ = {
			isa = PBXContainerItemProxy;
			containerPortal = BC198AB327A0188A00465FFD /* Project object */;
			proxyType = 1;
			remoteGlobalIDString = BC198ABA27A0188B00465FFD;
			remoteInfo = MVP;
		};
/* End PBXContainerItemProxy section */

/* Begin PBXFileReference section */
		BC198ABB27A0188B00465FFD /* MVP.app */ = {isa = PBXFileReference; explicitFileType = wrapper.application; includeInIndex = 0; path = MVP.app; sourceTree = BUILT_PRODUCTS_DIR; };
		BC198ABE27A0188B00465FFD /* AppDelegate.swift */ = {isa = PBXFileReference; lastKnownFileType = sourcecode.swift; path = AppDelegate.swift; sourceTree = "<group>"; };
		BC198AC027A0188B00465FFD /* SceneDelegate.swift */ = {isa = PBXFileReference; lastKnownFileType = sourcecode.swift; path = SceneDelegate.swift; sourceTree = "<group>"; };
		BC198AC227A0188B00465FFD /* UsersVC.swift */ = {isa = PBXFileReference; lastKnownFileType = sourcecode.swift; path = UsersVC.swift; sourceTree = "<group>"; };
		BC198AC527A0188B00465FFD /* Base */ = {isa = PBXFileReference; lastKnownFileType = file.storyboard; name = Base; path = Base.lproj/Main.storyboard; sourceTree = "<group>"; };
		BC198AC727A0189100465FFD /* Assets.xcassets */ = {isa = PBXFileReference; lastKnownFileType = folder.assetcatalog; path = Assets.xcassets; sourceTree = "<group>"; };
		BC198ACA27A0189100465FFD /* Base */ = {isa = PBXFileReference; lastKnownFileType = file.storyboard; name = Base; path = Base.lproj/LaunchScreen.storyboard; sourceTree = "<group>"; };
		BC198ACC27A0189100465FFD /* Info.plist */ = {isa = PBXFileReference; lastKnownFileType = text.plist.xml; path = Info.plist; sourceTree = "<group>"; };
		BC198AD127A0189100465FFD /* MVPTests.xctest */ = {isa = PBXFileReference; explicitFileType = wrapper.cfbundle; includeInIndex = 0; path = MVPTests.xctest; sourceTree = BUILT_PRODUCTS_DIR; };
		BC198AD527A0189100465FFD /* MVPTests.swift */ = {isa = PBXFileReference; lastKnownFileType = sourcecode.swift; path = MVPTests.swift; sourceTree = "<group>"; };
		BC198ADB27A0189100465FFD /* MVPUITests.xctest */ = {isa = PBXFileReference; explicitFileType = wrapper.cfbundle; includeInIndex = 0; path = MVPUITests.xctest; sourceTree = BUILT_PRODUCTS_DIR; };
		BC198ADF27A0189100465FFD /* MVPUITests.swift */ = {isa = PBXFileReference; lastKnownFileType = sourcecode.swift; path = MVPUITests.swift; sourceTree = "<group>"; };
		BC198AE127A0189100465FFD /* MVPUITestsLaunchTests.swift */ = {isa = PBXFileReference; lastKnownFileType = sourcecode.swift; path = MVPUITestsLaunchTests.swift; sourceTree = "<group>"; };
		BC198AF127A0226200465FFD /* Presenter.swift */ = {isa = PBXFileReference; lastKnownFileType = sourcecode.swift; path = Presenter.swift; sourceTree = "<group>"; };
		BC198AF327A0231C00465FFD /* Users.swift */ = {isa = PBXFileReference; lastKnownFileType = sourcecode.swift; path = Users.swift; sourceTree = "<group>"; };
/* End PBXFileReference section */

/* Begin PBXFrameworksBuildPhase section */
		BC198AB827A0188B00465FFD /* Frameworks */ = {
			isa = PBXFrameworksBuildPhase;
			buildActionMask = 2147483647;
			files = (
			);
			runOnlyForDeploymentPostprocessing = 0;
		};
		BC198ACE27A0189100465FFD /* Frameworks */ = {
			isa = PBXFrameworksBuildPhase;
			buildActionMask = 2147483647;
			files = (
			);
			runOnlyForDeploymentPostprocessing = 0;
		};
		BC198AD827A0189100465FFD /* Frameworks */ = {
			isa = PBXFrameworksBuildPhase;
			buildActionMask = 2147483647;
			files = (
			);
			runOnlyForDeploymentPostprocessing = 0;
		};
/* End PBXFrameworksBuildPhase section */

/* Begin PBXGroup section */
		BC198AB227A0188A00465FFD = {
			isa = PBXGroup;
			children = (
				BC198ABD27A0188B00465FFD /* MVP */,
				BC198AD427A0189100465FFD /* MVPTests */,
				BC198ADE27A0189100465FFD /* MVPUITests */,
				BC198ABC27A0188B00465FFD /* Products */,
			);
			sourceTree = "<group>";
		};
		BC198ABC27A0188B00465FFD /* Products */ = {
			isa = PBXGroup;
			children = (
				BC198ABB27A0188B00465FFD /* MVP.app */,
				BC198AD127A0189100465FFD /* MVPTests.xctest */,
				BC198ADB27A0189100465FFD /* MVPUITests.xctest */,
			);
			name = Products;
			sourceTree = "<group>";
		};
		BC198ABD27A0188B00465FFD /* MVP */ = {
			isa = PBXGroup;
			children = (
				BC198AEE27A0212100465FFD /* Presenter */,
				BC198AF027A0214300465FFD /* Model */,
				BC198AEF27A0212D00465FFD /* View */,
				BC198ABE27A0188B00465FFD /* AppDelegate.swift */,
				BC198AC027A0188B00465FFD /* SceneDelegate.swift */,
				BC198AC427A0188B00465FFD /* Main.storyboard */,
				BC198AC727A0189100465FFD /* Assets.xcassets */,
				BC198AC927A0189100465FFD /* LaunchScreen.storyboard */,
				BC198ACC27A0189100465FFD /* Info.plist */,
			);
			path = MVP;
			sourceTree = "<group>";
		};
		BC198AD427A0189100465FFD /* MVPTests */ = {
			isa = PBXGroup;
			children = (
				BC198AD527A0189100465FFD /* MVPTests.swift */,
			);
			path = MVPTests;
			sourceTree = "<group>";
		};
		BC198ADE27A0189100465FFD /* MVPUITests */ = {
			isa = PBXGroup;
			children = (
				BC198ADF27A0189100465FFD /* MVPUITests.swift */,
				BC198AE127A0189100465FFD /* MVPUITestsLaunchTests.swift */,
			);
			path = MVPUITests;
			sourceTree = "<group>";
		};
		BC198AEE27A0212100465FFD /* Presenter */ = {
			isa = PBXGroup;
			children = (
				BC198AF127A0226200465FFD /* Presenter.swift */,
			);
			path = Presenter;
			sourceTree = "<group>";
		};
		BC198AEF27A0212D00465FFD /* View */ = {
			isa = PBXGroup;
			children = (
				BC198AC227A0188B00465FFD /* UsersVC.swift */,
			);
			path = View;
			sourceTree = "<group>";
		};
		BC198AF027A0214300465FFD /* Model */ = {
			isa = PBXGroup;
			children = (
				BC198AF327A0231C00465FFD /* Users.swift */,
			);
			path = Model;
			sourceTree = "<group>";
		};
/* End PBXGroup section */

/* Begin PBXNativeTarget section */
		BC198ABA27A0188B00465FFD /* MVP */ = {
			isa = PBXNativeTarget;
			buildConfigurationList = BC198AE527A0189100465FFD /* Build configuration list for PBXNativeTarget "MVP" */;
			buildPhases = (
				BC198AB727A0188B00465FFD /* Sources */,
				BC198AB827A0188B00465FFD /* Frameworks */,
				BC198AB927A0188B00465FFD /* Resources */,
			);
			buildRules = (
			);
			dependencies = (
			);
			name = MVP;
			productName = MVP;
			productReference = BC198ABB27A0188B00465FFD /* MVP.app */;
			productType = "com.apple.product-type.application";
		};
		BC198AD027A0189100465FFD /* MVPTests */ = {
			isa = PBXNativeTarget;
			buildConfigurationList = BC198AE827A0189100465FFD /* Build configuration list for PBXNativeTarget "MVPTests" */;
			buildPhases = (
				BC198ACD27A0189100465FFD /* Sources */,
				BC198ACE27A0189100465FFD /* Frameworks */,
				BC198ACF27A0189100465FFD /* Resources */,
			);
			buildRules = (
			);
			dependencies = (
				BC198AD327A0189100465FFD /* PBXTargetDependency */,
			);
			name = MVPTests;
			productName = MVPTests;
			productReference = BC198AD127A0189100465FFD /* MVPTests.xctest */;
			productType = "com.apple.product-type.bundle.unit-test";
		};
		BC198ADA27A0189100465FFD /* MVPUITests */ = {
			isa = PBXNativeTarget;
			buildConfigurationList = BC198AEB27A0189100465FFD /* Build configuration list for PBXNativeTarget "MVPUITests" */;
			buildPhases = (
				BC198AD727A0189100465FFD /* Sources */,
				BC198AD827A0189100465FFD /* Frameworks */,
				BC198AD927A0189100465FFD /* Resources */,
			);
			buildRules = (
			);
			dependencies = (
				BC198ADD27A0189100465FFD /* PBXTargetDependency */,
			);
			name = MVPUITests;
			productName = MVPUITests;
			productReference = BC198ADB27A0189100465FFD /* MVPUITests.xctest */;
			productType = "com.apple.product-type.bundle.ui-testing";
		};
/* End PBXNativeTarget section */

/* Begin PBXProject section */
		BC198AB327A0188A00465FFD /* Project object */ = {
			isa = PBXProject;
			attributes = {
				BuildIndependentTargetsInParallel = 1;
				LastSwiftUpdateCheck = 1310;
				LastUpgradeCheck = 1310;
				TargetAttributes = {
					BC198ABA27A0188B00465FFD = {
						CreatedOnToolsVersion = 13.1;
					};
					BC198AD027A0189100465FFD = {
						CreatedOnToolsVersion = 13.1;
						TestTargetID = BC198ABA27A0188B00465FFD;
					};
					BC198ADA27A0189100465FFD = {
						CreatedOnToolsVersion = 13.1;
						TestTargetID = BC198ABA27A0188B00465FFD;
					};
				};
			};
			buildConfigurationList = BC198AB627A0188A00465FFD /* Build configuration list for PBXProject "MVP" */;
			compatibilityVersion = "Xcode 13.0";
			developmentRegion = en;
			hasScannedForEncodings = 0;
			knownRegions = (
				en,
				Base,
			);
			mainGroup = BC198AB227A0188A00465FFD;
			productRefGroup = BC198ABC27A0188B00465FFD /* Products */;
			projectDirPath = "";
			projectRoot = "";
			targets = (
				BC198ABA27A0188B00465FFD /* MVP */,
				BC198AD027A0189100465FFD /* MVPTests */,
				BC198ADA27A0189100465FFD /* MVPUITests */,
			);
		};
/* End PBXProject section */

/* Begin PBXResourcesBuildPhase section */
		BC198AB927A0188B00465FFD /* Resources */ = {
			isa = PBXResourcesBuildPhase;
			buildActionMask = 2147483647;
			files = (
				BC198ACB27A0189100465FFD /* LaunchScreen.storyboard in Resources */,
				BC198AC827A0189100465FFD /* Assets.xcassets in Resources */,
				BC198AC627A0188B00465FFD /* Main.storyboard in Resources */,
			);
			runOnlyForDeploymentPostprocessing = 0;
		};
		BC198ACF27A0189100465FFD /* Resources */ = {
			isa = PBXResourcesBuildPhase;
			buildActionMask = 2147483647;
			files = (
			);
			runOnlyForDeploymentPostprocessing = 0;
		};
		BC198AD927A0189100465FFD /* Resources */ = {
			isa = PBXResourcesBuildPhase;
			buildActionMask = 2147483647;
			files = (
			);
			runOnlyForDeploymentPostprocessing = 0;
		};
/* End PBXResourcesBuildPhase section */

/* Begin PBXSourcesBuildPhase section */
		BC198AB727A0188B00465FFD /* Sources */ = {
			isa = PBXSourcesBuildPhase;
			buildActionMask = 2147483647;
			files = (
				BC198AC327A0188B00465FFD /* UsersVC.swift in Sources */,
				BC198ABF27A0188B00465FFD /* AppDelegate.swift in Sources */,
				BC198AF427A0231C00465FFD /* Users.swift in Sources */,
				BC198AF227A0226200465FFD /* Presenter.swift in Sources */,
				BC198AC127A0188B00465FFD /* SceneDelegate.swift in Sources */,
			);
			runOnlyForDeploymentPostprocessing = 0;
		};
		BC198ACD27A0189100465FFD /* Sources */ = {
			isa = PBXSourcesBuildPhase;
			buildActionMask = 2147483647;
			files = (
				BC198AD627A0189100465FFD /* MVPTests.swift in Sources */,
			);
			runOnlyForDeploymentPostprocessing = 0;
		};
		BC198AD727A0189100465FFD /* Sources */ = {
			isa = PBXSourcesBuildPhase;
			buildActionMask = 2147483647;
			files = (
				BC198AE227A0189100465FFD /* MVPUITestsLaunchTests.swift in Sources */,
				BC198AE027A0189100465FFD /* MVPUITests.swift in Sources */,
			);
			runOnlyForDeploymentPostprocessing = 0;
		};
/* End PBXSourcesBuildPhase section */

/* Begin PBXTargetDependency section */
		BC198AD327A0189100465FFD /* PBXTargetDependency */ = {
			isa = PBXTargetDependency;
			target = BC198ABA27A0188B00465FFD /* MVP */;
			targetProxy = BC198AD227A0189100465FFD /* PBXContainerItemProxy */;
		};
		BC198ADD27A0189100465FFD /* PBXTargetDependency */ = {
			isa = PBXTargetDependency;
			target = BC198ABA27A0188B00465FFD /* MVP */;
			targetProxy = BC198ADC27A0189100465FFD /* PBXContainerItemProxy */;
		};
/* End PBXTargetDependency section */

/* Begin PBXVariantGroup section */
		BC198AC427A0188B00465FFD /* Main.storyboard */ = {
			isa = PBXVariantGroup;
			children = (
				BC198AC527A0188B00465FFD /* Base */,
			);
			name = Main.storyboard;
			sourceTree = "<group>";
		};
		BC198AC927A0189100465FFD /* LaunchScreen.storyboard */ = {
			isa = PBXVariantGroup;
			children = (
				BC198ACA27A0189100465FFD /* Base */,
			);
			name = LaunchScreen.storyboard;
			sourceTree = "<group>";
		};
/* End PBXVariantGroup section */

/* Begin XCBuildConfiguration section */
		BC198AE327A0189100465FFD /* Debug */ = {
			isa = XCBuildConfiguration;
			buildSettings = {
				ALWAYS_SEARCH_USER_PATHS = NO;
				CLANG_ANALYZER_NONNULL = YES;
				CLANG_ANALYZER_NUMBER_OBJECT_CONVERSION = YES_AGGRESSIVE;
				CLANG_CXX_LANGUAGE_STANDARD = "gnu++17";
				CLANG_CXX_LIBRARY = "libc++";
				CLANG_ENABLE_MODULES = YES;
				CLANG_ENABLE_OBJC_ARC = YES;
				CLANG_ENABLE_OBJC_WEAK = YES;
				CLANG_WARN_BLOCK_CAPTURE_AUTORELEASING = YES;
				CLANG_WARN_BOOL_CONVERSION = YES;
				CLANG_WARN_COMMA = YES;
				CLANG_WARN_CONSTANT_CONVERSION = YES;
				CLANG_WARN_DEPRECATED_OBJC_IMPLEMENTATIONS = YES;
				CLANG_WARN_DIRECT_OBJC_ISA_USAGE = YES_ERROR;
				CLANG_WARN_DOCUMENTATION_COMMENTS = YES;
				CLANG_WARN_EMPTY_BODY = YES;
				CLANG_WARN_ENUM_CONVERSION = YES;
				CLANG_WARN_INFINITE_RECURSION = YES;
				CLANG_WARN_INT_CONVERSION = YES;
				CLANG_WARN_NON_LITERAL_NULL_CONVERSION = YES;
				CLANG_WARN_OBJC_IMPLICIT_RETAIN_SELF = YES;
				CLANG_WARN_OBJC_LITERAL_CONVERSION = YES;
				CLANG_WARN_OBJC_ROOT_CLASS = YES_ERROR;
				CLANG_WARN_QUOTED_INCLUDE_IN_FRAMEWORK_HEADER = YES;
				CLANG_WARN_RANGE_LOOP_ANALYSIS = YES;
				CLANG_WARN_STRICT_PROTOTYPES = YES;
				CLANG_WARN_SUSPICIOUS_MOVE = YES;
				CLANG_WARN_UNGUARDED_AVAILABILITY = YES_AGGRESSIVE;
				CLANG_WARN_UNREACHABLE_CODE = YES;
				CLANG_WARN__DUPLICATE_METHOD_MATCH = YES;
				COPY_PHASE_STRIP = NO;
				DEBUG_INFORMATION_FORMAT = dwarf;
				ENABLE_STRICT_OBJC_MSGSEND = YES;
				ENABLE_TESTABILITY = YES;
				GCC_C_LANGUAGE_STANDARD = gnu11;
				GCC_DYNAMIC_NO_PIC = NO;
				GCC_NO_COMMON_BLOCKS = YES;
				GCC_OPTIMIZATION_LEVEL = 0;
				GCC_PREPROCESSOR_DEFINITIONS = (
					"DEBUG=1",
					"$(inherited)",
				);
				GCC_WARN_64_TO_32_BIT_CONVERSION = YES;
				GCC_WARN_ABOUT_RETURN_TYPE = YES_ERROR;
				GCC_WARN_UNDECLARED_SELECTOR = YES;
				GCC_WARN_UNINITIALIZED_AUTOS = YES_AGGRESSIVE;
				GCC_WARN_UNUSED_FUNCTION = YES;
				GCC_WARN_UNUSED_VARIABLE = YES;
				IPHONEOS_DEPLOYMENT_TARGET = 15.0;
				MTL_ENABLE_DEBUG_INFO = INCLUDE_SOURCE;
				MTL_FAST_MATH = YES;
				ONLY_ACTIVE_ARCH = YES;
				SDKROOT = iphoneos;
				SWIFT_ACTIVE_COMPILATION_CONDITIONS = DEBUG;
				SWIFT_OPTIMIZATION_LEVEL = "-Onone";
			};
			name = Debug;
		};
		BC198AE427A0189100465FFD /* Release */ = {
			isa = XCBuildConfiguration;
			buildSettings = {
				ALWAYS_SEARCH_USER_PATHS = NO;
				CLANG_ANALYZER_NONNULL = YES;
				CLANG_ANALYZER_NUMBER_OBJECT_CONVERSION = YES_AGGRESSIVE;
				CLANG_CXX_LANGUAGE_STANDARD = "gnu++17";
				CLANG_CXX_LIBRARY = "libc++";
				CLANG_ENABLE_MODULES = YES;
				CLANG_ENABLE_OBJC_ARC = YES;
				CLANG_ENABLE_OBJC_WEAK = YES;
				CLANG_WARN_BLOCK_CAPTURE_AUTORELEASING = YES;
				CLANG_WARN_BOOL_CONVERSION = YES;
				CLANG_WARN_COMMA = YES;
				CLANG_WARN_CONSTANT_CONVERSION = YES;
				CLANG_WARN_DEPRECATED_OBJC_IMPLEMENTATIONS = YES;
				CLANG_WARN_DIRECT_OBJC_ISA_USAGE = YES_ERROR;
				CLANG_WARN_DOCUMENTATION_COMMENTS = YES;
				CLANG_WARN_EMPTY_BODY = YES;
				CLANG_WARN_ENUM_CONVERSION = YES;
				CLANG_WARN_INFINITE_RECURSION = YES;
				CLANG_WARN_INT_CONVERSION = YES;
				CLANG_WARN_NON_LITERAL_NULL_CONVERSION = YES;
				CLANG_WARN_OBJC_IMPLICIT_RETAIN_SELF = YES;
				CLANG_WARN_OBJC_LITERAL_CONVERSION = YES;
				CLANG_WARN_OBJC_ROOT_CLASS = YES_ERROR;
				CLANG_WARN_QUOTED_INCLUDE_IN_FRAMEWORK_HEADER = YES;
				CLANG_WARN_RANGE_LOOP_ANALYSIS = YES;
				CLANG_WARN_STRICT_PROTOTYPES = YES;
				CLANG_WARN_SUSPICIOUS_MOVE = YES;
				CLANG_WARN_UNGUARDED_AVAILABILITY = YES_AGGRESSIVE;
				CLANG_WARN_UNREACHABLE_CODE = YES;
				CLANG_WARN__DUPLICATE_METHOD_MATCH = YES;
				COPY_PHASE_STRIP = NO;
				DEBUG_INFORMATION_FORMAT = "dwarf-with-dsym";
				ENABLE_NS_ASSERTIONS = NO;
				ENABLE_STRICT_OBJC_MSGSEND = YES;
				GCC_C_LANGUAGE_STANDARD = gnu11;
				GCC_NO_COMMON_BLOCKS = YES;
				GCC_WARN_64_TO_32_BIT_CONVERSION = YES;
				GCC_WARN_ABOUT_RETURN_TYPE = YES_ERROR;
				GCC_WARN_UNDECLARED_SELECTOR = YES;
				GCC_WARN_UNINITIALIZED_AUTOS = YES_AGGRESSIVE;
				GCC_WARN_UNUSED_FUNCTION = YES;
				GCC_WARN_UNUSED_VARIABLE = YES;
				IPHONEOS_DEPLOYMENT_TARGET = 15.0;
				MTL_ENABLE_DEBUG_INFO = NO;
				MTL_FAST_MATH = YES;
				SDKROOT = iphoneos;
				SWIFT_COMPILATION_MODE = wholemodule;
				SWIFT_OPTIMIZATION_LEVEL = "-O";
				VALIDATE_PRODUCT = YES;
			};
			name = Release;
		};
		BC198AE627A0189100465FFD /* Debug */ = {
			isa = XCBuildConfiguration;
			buildSettings = {
				ASSETCATALOG_COMPILER_APPICON_NAME = AppIcon;
				ASSETCATALOG_COMPILER_GLOBAL_ACCENT_COLOR_NAME = AccentColor;
				CODE_SIGN_STYLE = Automatic;
				CURRENT_PROJECT_VERSION = 1;
				DEVELOPMENT_TEAM = MAJL2MDCU9;
				GENERATE_INFOPLIST_FILE = YES;
				INFOPLIST_FILE = MVP/Info.plist;
				INFOPLIST_KEY_UIApplicationSupportsIndirectInputEvents = YES;
				INFOPLIST_KEY_UILaunchStoryboardName = LaunchScreen;
				INFOPLIST_KEY_UIMainStoryboardFile = Main;
				INFOPLIST_KEY_UISupportedInterfaceOrientations_iPad = "UIInterfaceOrientationPortrait UIInterfaceOrientationPortraitUpsideDown UIInterfaceOrientationLandscapeLeft UIInterfaceOrientationLandscapeRight";
				INFOPLIST_KEY_UISupportedInterfaceOrientations_iPhone = "UIInterfaceOrientationPortrait UIInterfaceOrientationLandscapeLeft UIInterfaceOrientationLandscapeRight";
				LD_RUNPATH_SEARCH_PATHS = (
					"$(inherited)",
					"@executable_path/Frameworks",
				);
				MARKETING_VERSION = 1.0;
				PRODUCT_BUNDLE_IDENTIFIER = "ue-systems.com.MVP";
				PRODUCT_NAME = "$(TARGET_NAME)";
				SWIFT_EMIT_LOC_STRINGS = YES;
				SWIFT_VERSION = 5.0;
				TARGETED_DEVICE_FAMILY = "1,2";
			};
			name = Debug;
		};
		BC198AE727A0189100465FFD /* Release */ = {
			isa = XCBuildConfiguration;
			buildSettings = {
				ASSETCATALOG_COMPILER_APPICON_NAME = AppIcon;
				ASSETCATALOG_COMPILER_GLOBAL_ACCENT_COLOR_NAME = AccentColor;
				CODE_SIGN_STYLE = Automatic;
				CURRENT_PROJECT_VERSION = 1;
				DEVELOPMENT_TEAM = MAJL2MDCU9;
				GENERATE_INFOPLIST_FILE = YES;
				INFOPLIST_FILE = MVP/Info.plist;
				INFOPLIST_KEY_UIApplicationSupportsIndirectInputEvents = YES;
				INFOPLIST_KEY_UILaunchStoryboardName = LaunchScreen;
				INFOPLIST_KEY_UIMainStoryboardFile = Main;
				INFOPLIST_KEY_UISupportedInterfaceOrientations_iPad = "UIInterfaceOrientationPortrait UIInterfaceOrientationPortraitUpsideDown UIInterfaceOrientationLandscapeLeft UIInterfaceOrientationLandscapeRight";
				INFOPLIST_KEY_UISupportedInterfaceOrientations_iPhone = "UIInterfaceOrientationPortrait UIInterfaceOrientationLandscapeLeft UIInterfaceOrientationLandscapeRight";
				LD_RUNPATH_SEARCH_PATHS = (
					"$(inherited)",
					"@executable_path/Frameworks",
				);
				MARKETING_VERSION = 1.0;
				PRODUCT_BUNDLE_IDENTIFIER = "ue-systems.com.MVP";
				PRODUCT_NAME = "$(TARGET_NAME)";
				SWIFT_EMIT_LOC_STRINGS = YES;
				SWIFT_VERSION = 5.0;
				TARGETED_DEVICE_FAMILY = "1,2";
			};
			name = Release;
		};
		BC198AE927A0189100465FFD /* Debug */ = {
			isa = XCBuildConfiguration;
			buildSettings = {
				ALWAYS_EMBED_SWIFT_STANDARD_LIBRARIES = YES;
				BUNDLE_LOADER = "$(TEST_HOST)";
				CODE_SIGN_STYLE = Automatic;
				CURRENT_PROJECT_VERSION = 1;
				DEVELOPMENT_TEAM = MAJL2MDCU9;
				GENERATE_INFOPLIST_FILE = YES;
				IPHONEOS_DEPLOYMENT_TARGET = 15.0;
				LD_RUNPATH_SEARCH_PATHS = (
					"$(inherited)",
					"@executable_path/Frameworks",
					"@loader_path/Frameworks",
				);
				MARKETING_VERSION = 1.0;
				PRODUCT_BUNDLE_IDENTIFIER = "ue-systems.com.MVPTests";
				PRODUCT_NAME = "$(TARGET_NAME)";
				SWIFT_EMIT_LOC_STRINGS = NO;
				SWIFT_VERSION = 5.0;
				TARGETED_DEVICE_FAMILY = "1,2";
				TEST_HOST = "$(BUILT_PRODUCTS_DIR)/MVP.app/MVP";
			};
			name = Debug;
		};
		BC198AEA27A0189100465FFD /* Release */ = {
			isa = XCBuildConfiguration;
			buildSettings = {
				ALWAYS_EMBED_SWIFT_STANDARD_LIBRARIES = YES;
				BUNDLE_LOADER = "$(TEST_HOST)";
				CODE_SIGN_STYLE = Automatic;
				CURRENT_PROJECT_VERSION = 1;
				DEVELOPMENT_TEAM = MAJL2MDCU9;
				GENERATE_INFOPLIST_FILE = YES;
				IPHONEOS_DEPLOYMENT_TARGET = 15.0;
				LD_RUNPATH_SEARCH_PATHS = (
					"$(inherited)",
					"@executable_path/Frameworks",
					"@loader_path/Frameworks",
				);
				MARKETING_VERSION = 1.0;
				PRODUCT_BUNDLE_IDENTIFIER = "ue-systems.com.MVPTests";
				PRODUCT_NAME = "$(TARGET_NAME)";
				SWIFT_EMIT_LOC_STRINGS = NO;
				SWIFT_VERSION = 5.0;
				TARGETED_DEVICE_FAMILY = "1,2";
				TEST_HOST = "$(BUILT_PRODUCTS_DIR)/MVP.app/MVP";
			};
			name = Release;
		};
		BC198AEC27A0189100465FFD /* Debug */ = {
			isa = XCBuildConfiguration;
			buildSettings = {
				ALWAYS_EMBED_SWIFT_STANDARD_LIBRARIES = YES;
				CODE_SIGN_STYLE = Automatic;
				CURRENT_PROJECT_VERSION = 1;
				DEVELOPMENT_TEAM = MAJL2MDCU9;
				GENERATE_INFOPLIST_FILE = YES;
				LD_RUNPATH_SEARCH_PATHS = (
					"$(inherited)",
					"@executable_path/Frameworks",
					"@loader_path/Frameworks",
				);
				MARKETING_VERSION = 1.0;
				PRODUCT_BUNDLE_IDENTIFIER = "ue-systems.com.MVPUITests";
				PRODUCT_NAME = "$(TARGET_NAME)";
				SWIFT_EMIT_LOC_STRINGS = NO;
				SWIFT_VERSION = 5.0;
				TARGETED_DEVICE_FAMILY = "1,2";
				TEST_TARGET_NAME = MVP;
			};
			name = Debug;
		};
		BC198AED27A0189100465FFD /* Release */ = {
			isa = XCBuildConfiguration;
			buildSettings = {
				ALWAYS_EMBED_SWIFT_STANDARD_LIBRARIES = YES;
				CODE_SIGN_STYLE = Automatic;
				CURRENT_PROJECT_VERSION = 1;
				DEVELOPMENT_TEAM = MAJL2MDCU9;
				GENERATE_INFOPLIST_FILE = YES;
				LD_RUNPATH_SEARCH_PATHS = (
					"$(inherited)",
					"@executable_path/Frameworks",
					"@loader_path/Frameworks",
				);
				MARKETING_VERSION = 1.0;
				PRODUCT_BUNDLE_IDENTIFIER = "ue-systems.com.MVPUITests";
				PRODUCT_NAME = "$(TARGET_NAME)";
				SWIFT_EMIT_LOC_STRINGS = NO;
				SWIFT_VERSION = 5.0;
				TARGETED_DEVICE_FAMILY = "1,2";
				TEST_TARGET_NAME = MVP;
			};
			name = Release;
		};
/* End XCBuildConfiguration section */

/* Begin XCConfigurationList section */
		BC198AB627A0188A00465FFD /* Build configuration list for PBXProject "MVP" */ = {
			isa = XCConfigurationList;
			buildConfigurations = (
				BC198AE327A0189100465FFD /* Debug */,
				BC198AE427A0189100465FFD /* Release */,
			);
			defaultConfigurationIsVisible = 0;
			defaultConfigurationName = Release;
		};
		BC198AE527A0189100465FFD /* Build configuration list for PBXNativeTarget "MVP" */ = {
			isa = XCConfigurationList;
			buildConfigurations = (
				BC198AE627A0189100465FFD /* Debug */,
				BC198AE727A0189100465FFD /* Release */,
			);
			defaultConfigurationIsVisible = 0;
			defaultConfigurationName = Release;
		};
		BC198AE827A0189100465FFD /* Build configuration list for PBXNativeTarget "MVPTests" */ = {
			isa = XCConfigurationList;
			buildConfigurations = (
				BC198AE927A0189100465FFD /* Debug */,
				BC198AEA27A0189100465FFD /* Release */,
			);
			defaultConfigurationIsVisible = 0;
			defaultConfigurationName = Release;
		};
		BC198AEB27A0189100465FFD /* Build configuration list for PBXNativeTarget "MVPUITests" */ = {
			isa = XCConfigurationList;
			buildConfigurations = (
				BC198AEC27A0189100465FFD /* Debug */,
				BC198AED27A0189100465FFD /* Release */,
			);
			defaultConfigurationIsVisible = 0;
			defaultConfigurationName = Release;
		};
/* End XCConfigurationList section */
	};
	rootObject = BC198AB327A0188A00465FFD /* Project object */;
}
